
Microsoft Visual Studio Solution File, Format Version 12.00
# Visual Studio Version 16
VisualStudioVersion = 16.0.31424.327
MinimumVisualStudioVersion = 10.0.40219.1
Project("{FAE04EC0-301F-11D3-BF4B-00C04F79EFBC}") = "msrDesktop", ".\msrDesktop.csproj", "{30193754-F733-419B-9CE4-58A4C1E56553}"
EndProject
Global
	GlobalSection(SolutionConfigurationPlatforms) = preSolution
		Debug|Any CPU = Debug|Any CPU
		Release|Any CPU = Release|Any CPU
	EndGlobalSection
	GlobalSection(ProjectConfigurationPlatforms) = postSolution
		{30193754-F733-419B-9CE4-58A4C1E56553}.Debug|Any CPU.ActiveCfg = Debug|Any CPU
		{30193754-F733-419B-9CE4-58A4C1E56553}.Debug|Any CPU.Build.0 = Debug|Any CPU
		{30193754-F733-419B-9CE4-58A4C1E56553}.Release|Any CPU.ActiveCfg = Release|Any CPU
		{30193754-F733-419B-9CE4-58A4C1E56553}.Release|Any CPU.Build.0 = Release|Any CPU
	EndGlobalSection
	GlobalSection(SolutionProperties) = preSolution
		HideSolutionNode = FALSE
	EndGlobalSection
	GlobalSection(ExtensibilityGlobals) = postSolution
		SolutionGuid = {7A61B25D-4B6E-4D2C-B794-A1394E9E93A8}
	EndGlobalSection
EndGlobal
